{
  "name": "chrispetta.net",
  "version": "0.0.1",
  "lockfileVersion": 1,
  "requires": true,
  "dependencies": {
    "@google/model-viewer": {
      "version": "1.3.0",
      "resolved": "https://registry.npmjs.org/@google/model-viewer/-/model-viewer-1.3.0.tgz",
      "integrity": "sha512-2oosAAH5pGfvdbgnEk7KgubtHaaRezWopeICe1baA9OkcpfWGgrizSteiK0yqpsu3oJTN9w7FdFSIGcoKoXysA=="
    }
  }
}
